
Microsoft Visual Studio Solution File, Format Version 12.00
# Visual Studio Version 17
VisualStudioVersion = 17.8.34322.80
MinimumVisualStudioVersion = 10.0.40219.1
Project("{FAE04EC0-301F-11D3-BF4B-00C04F79EFBC}") = "opg4oblsever", "opg4oblsever\opg4oblsever.csproj", "{DE798427-D571-4C11-9CEC-140DB7167F88}"
EndProject
Global
	GlobalSection(SolutionConfigurationPlatforms) = preSolution
		Debug|Any CPU = Debug|Any CPU
		Release|Any CPU = Release|Any CPU
	EndGlobalSection
	GlobalSection(ProjectConfigurationPlatforms) = postSolution
		{DE798427-D571-4C11-9CEC-140DB7167F88}.Debug|Any CPU.ActiveCfg = Debug|Any CPU
		{DE798427-D571-4C11-9CEC-140DB7167F88}.Debug|Any CPU.Build.0 = Debug|Any CPU
		{DE798427-D571-4C11-9CEC-140DB7167F88}.Release|Any CPU.ActiveCfg = Release|Any CPU
		{DE798427-D571-4C11-9CEC-140DB7167F88}.Release|Any CPU.Build.0 = Release|Any CPU
	EndGlobalSection
	GlobalSection(SolutionProperties) = preSolution
		HideSolutionNode = FALSE
	EndGlobalSection
	GlobalSection(ExtensibilityGlobals) = postSolution
		SolutionGuid = {4E751285-792B-4EE1-ABDA-B4F379A66C14}
	EndGlobalSection
EndGlobal
